lockVersion: 2.0.0
id: bf2d5496-2406-413a-9727-ddaa0a56268e
management:
  docChecksum: 3b706c7d2ccab437b0e1df838fc2d054
  docVersion: 1.0.0
  speakeasyVersion: 1.571.1
  generationVersion: 2.640.2
  releaseVersion: 0.2.1
  configChecksum: a0c9d07463e0bee5f7f81311122e447d
  repoURL: https://github.com/trilogy-group/powerpath-ts.git
  installationURL: https://github.com/trilogy-group/powerpath-ts
  published: true
features:
  typescript:
    additionalDependencies: 0.1.0
    constsAndDefaults: 0.1.12
    core: 3.21.11
    defaultEnabledRetries: 0.1.0
    devContainers: 2.90.0
    enumUnions: 0.1.0
    envVarSecurityUsage: 0.1.2
    globalSecurity: 2.82.13
    globalSecurityCallbacks: 0.1.0
    globalSecurityFlattening: 0.1.0
    globalServerURLs: 2.82.5
    groups: 2.81.2
    mcpServer: 0.9.2
    nameOverrides: 2.81.2
    nullables: 0.1.1
    responseFormat: 0.2.3
    retries: 2.83.0
    sdkHooks: 0.3.0
    unions: 2.85.11
generatedFiles:
  - .devcontainer/README.md
  - .devcontainer/devcontainer.json
  - .devcontainer/setup.sh
  - .gitattributes
  - .npmignore
  - FUNCTIONS.md
  - RUNTIMES.md
  - USAGE.md
  - docs/lib/utils/retryconfig.md
  - docs/models/components/assessmentlineitem.md
  - docs/models/components/assessmentlineitemscorescale.md
  - docs/models/components/assessmentlineitemstatus.md
  - docs/models/components/assessmentresult.md
  - docs/models/components/assessmentresultassessmentlineitem.md
  - docs/models/components/assessmentresultlearningobjectiveid.md
  - docs/models/components/assessmentresultlearningobjectiveset.md
  - docs/models/components/assessmentresultscorescale.md
  - docs/models/components/assessmentresultstatus.md
  - docs/models/components/class.md
  - docs/models/components/component.md
  - docs/models/components/componentresource.md
  - docs/models/components/learningobjectiveset.md
  - docs/models/components/learningobjectivesetlearningobjectiveid.md
  - docs/models/components/parent.md
  - docs/models/components/powerpath100progressresult.md
  - docs/models/components/powerpath100progressresultcontent.md
  - docs/models/components/powerpath100progressresultdifficulty.md
  - docs/models/components/powerpath100progressresultresponse.md
  - docs/models/components/powerpath100progressresultresult.md
  - docs/models/components/powerpath100updatestudentquestionresponseresult.md
  - docs/models/components/powerpathtestquestion.md
  - docs/models/components/powerpathtestquestioncontent.md
  - docs/models/components/powerpathtestquestiondifficulty.md
  - docs/models/components/powerpathtestquestionresponse.md
  - docs/models/components/powerpathtestquestionresult.md
  - docs/models/components/quizprogressresult.md
  - docs/models/components/quizupdatestudentquestionresponseresult.md
  - docs/models/components/remainingquestionsperdifficulty.md
  - docs/models/components/responseresult.md
  - docs/models/components/scorestatus.md
  - docs/models/components/security.md
  - docs/models/components/seenquestion.md
  - docs/models/components/student.md
  - docs/models/components/updatestudentquestionresponseinput.md
  - docs/models/components/updatestudentquestionresponseinputresponse.md
  - docs/models/errors/badrequestresponseerror.md
  - docs/models/errors/badrequestresponseimsxcodeminor.md
  - docs/models/errors/badrequestresponseimsxcodeminorfield.md
  - docs/models/errors/forbiddenresponseerror.md
  - docs/models/errors/forbiddenresponseimsxcodeminor.md
  - docs/models/errors/forbiddenresponseimsxcodeminorfield.md
  - docs/models/errors/internalservererrorresponse.md
  - docs/models/errors/internalservererrorresponseimsxcodeminor.md
  - docs/models/errors/internalservererrorresponseimsxcodeminorfield.md
  - docs/models/errors/notfoundresponseerror.md
  - docs/models/errors/notfoundresponseimsxcodeminor.md
  - docs/models/errors/notfoundresponseimsxcodeminorfield.md
  - docs/models/errors/toomanyrequestsresponseerror.md
  - docs/models/errors/toomanyrequestsresponseimsxcodeminor.md
  - docs/models/errors/toomanyrequestsresponseimsxcodeminorfield.md
  - docs/models/errors/unauthorizedrequestresponseerror.md
  - docs/models/errors/unauthorizedrequestresponseimsxcodeminor.md
  - docs/models/errors/unauthorizedrequestresponseimsxcodeminorfield.md
  - docs/models/errors/unprocessableentityresponseerror.md
  - docs/models/errors/unprocessableentityresponseimsxcodeminor.md
  - docs/models/errors/unprocessableentityresponseimsxcodeminorfield.md
  - docs/models/operations/attempt.md
  - docs/models/operations/createnewattemptrequest.md
  - docs/models/operations/createnewattemptresponse.md
  - docs/models/operations/createnewattemptscorestatus.md
  - docs/models/operations/finalstudentassessmentresponserequest.md
  - docs/models/operations/finalstudentassessmentresponseresponse.md
  - docs/models/operations/getassessmentprogressrequest.md
  - docs/models/operations/getassessmentprogressresponse.md
  - docs/models/operations/getattemptsrequest.md
  - docs/models/operations/getattemptsresponse.md
  - docs/models/operations/getattemptsscorestatus.md
  - docs/models/operations/getcourseprogresslearningobjectiveid1.md
  - docs/models/operations/getcourseprogresslearningobjectiveid2.md
  - docs/models/operations/getcourseprogresslearningobjectiveset1.md
  - docs/models/operations/getcourseprogresslearningobjectiveset2.md
  - docs/models/operations/getcourseprogressrequest.md
  - docs/models/operations/getcourseprogressresponse.md
  - docs/models/operations/getcourseprogressresult1.md
  - docs/models/operations/getcourseprogressresult2.md
  - docs/models/operations/getcourseprogressscorestatus1.md
  - docs/models/operations/getcourseprogressscorestatus2.md
  - docs/models/operations/getcourseprogressstatus1.md
  - docs/models/operations/getcourseprogressstatus2.md
  - docs/models/operations/getcoursesyllabusrequest.md
  - docs/models/operations/getcoursesyllabusresponse.md
  - docs/models/operations/getnextquestionrequest.md
  - docs/models/operations/getnextquestionresponse.md
  - docs/models/operations/lineitem.md
  - docs/models/operations/lineitemcomponent.md
  - docs/models/operations/lineitemresource.md
  - docs/models/operations/resetattemptrequest.md
  - docs/models/operations/resetattemptresponse.md
  - docs/models/operations/scorescale1.md
  - docs/models/operations/scorescale2.md
  - docs/models/operations/updatestudentitemresponselearningobjectiveid.md
  - docs/models/operations/updatestudentitemresponselearningobjectiveset.md
  - docs/models/operations/updatestudentitemresponserequest.md
  - docs/models/operations/updatestudentitemresponseresponse.md
  - docs/models/operations/updatestudentitemresponseresult.md
  - docs/models/operations/updatestudentitemresponsescorestatus.md
  - docs/models/operations/updatestudentitemresponsestatus.md
  - docs/models/operations/updatestudentquestionresponseresponse.md
  - docs/sdks/lessonplans/README.md
  - docs/sdks/lessons/README.md
  - docs/sdks/powerpath/README.md
  - eslint.config.mjs
  - jsr.json
  - package.json
  - src/core.ts
  - src/funcs/lessonPlansGetStudentCourseProgress.ts
  - src/funcs/lessonPlansGetSyllabus.ts
  - src/funcs/lessonPlansUpdateStudentResponse.ts
  - src/funcs/lessonsCreateAttempt.ts
  - src/funcs/lessonsFinalizeResponse.ts
  - src/funcs/lessonsGetAttempts.ts
  - src/funcs/lessonsGetNextQuestion.ts
  - src/funcs/lessonsGetProgress.ts
  - src/funcs/lessonsResetAttempt.ts
  - src/funcs/lessonsUpdateStudentResponse.ts
  - src/hooks/hooks.ts
  - src/hooks/index.ts
  - src/hooks/types.ts
  - src/index.ts
  - src/lib/base64.ts
  - src/lib/config.ts
  - src/lib/dlv.ts
  - src/lib/encodings.ts
  - src/lib/env.ts
  - src/lib/files.ts
  - src/lib/http.ts
  - src/lib/is-plain-object.ts
  - src/lib/logger.ts
  - src/lib/matchers.ts
  - src/lib/primitives.ts
  - src/lib/retries.ts
  - src/lib/schemas.ts
  - src/lib/sdks.ts
  - src/lib/security.ts
  - src/lib/url.ts
  - src/mcp-server/build.mts
  - src/mcp-server/cli.ts
  - src/mcp-server/cli/start/command.ts
  - src/mcp-server/cli/start/impl.ts
  - src/mcp-server/console-logger.ts
  - src/mcp-server/extensions.ts
  - src/mcp-server/mcp-server.ts
  - src/mcp-server/prompts.ts
  - src/mcp-server/resources.ts
  - src/mcp-server/scopes.ts
  - src/mcp-server/server.ts
  - src/mcp-server/shared.ts
  - src/mcp-server/tools.ts
  - src/mcp-server/tools/lessonPlansGetStudentCourseProgress.ts
  - src/mcp-server/tools/lessonPlansGetSyllabus.ts
  - src/mcp-server/tools/lessonPlansUpdateStudentResponse.ts
  - src/mcp-server/tools/lessonsCreateAttempt.ts
  - src/mcp-server/tools/lessonsFinalizeResponse.ts
  - src/mcp-server/tools/lessonsGetAttempts.ts
  - src/mcp-server/tools/lessonsGetNextQuestion.ts
  - src/mcp-server/tools/lessonsGetProgress.ts
  - src/mcp-server/tools/lessonsResetAttempt.ts
  - src/mcp-server/tools/lessonsUpdateStudentResponse.ts
  - src/models/components/assessmentlineitem.ts
  - src/models/components/assessmentresult.ts
  - src/models/components/index.ts
  - src/models/components/learningobjectiveset.ts
  - src/models/components/powerpath100progressresult.ts
  - src/models/components/powerpath100updatestudentquestionresponseresult.ts
  - src/models/components/powerpathtestquestion.ts
  - src/models/components/quizprogressresult.ts
  - src/models/components/quizupdatestudentquestionresponseresult.ts
  - src/models/components/security.ts
  - src/models/components/updatestudentquestionresponseinput.ts
  - src/models/errors/apierror.ts
  - src/models/errors/badrequestresponseerror.ts
  - src/models/errors/forbiddenresponseerror.ts
  - src/models/errors/httpclienterrors.ts
  - src/models/errors/index.ts
  - src/models/errors/internalservererrorresponse.ts
  - src/models/errors/notfoundresponseerror.ts
  - src/models/errors/powerpatherror.ts
  - src/models/errors/responsevalidationerror.ts
  - src/models/errors/sdkvalidationerror.ts
  - src/models/errors/toomanyrequestsresponseerror.ts
  - src/models/errors/unauthorizedrequestresponseerror.ts
  - src/models/errors/unprocessableentityresponseerror.ts
  - src/models/operations/createnewattempt.ts
  - src/models/operations/finalstudentassessmentresponse.ts
  - src/models/operations/getassessmentprogress.ts
  - src/models/operations/getattempts.ts
  - src/models/operations/getcourseprogress.ts
  - src/models/operations/getcoursesyllabus.ts
  - src/models/operations/getnextquestion.ts
  - src/models/operations/index.ts
  - src/models/operations/resetattempt.ts
  - src/models/operations/updatestudentitemresponse.ts
  - src/models/operations/updatestudentquestionresponse.ts
  - src/sdk/index.ts
  - src/sdk/lessonplans.ts
  - src/sdk/lessons.ts
  - src/sdk/sdk.ts
  - src/types/async.ts
  - src/types/blobs.ts
  - src/types/constdatetime.ts
  - src/types/enums.ts
  - src/types/fp.ts
  - src/types/index.ts
  - src/types/operations.ts
  - src/types/rfcdate.ts
  - src/types/streams.ts
  - tsconfig.json
examples:
  getCourseProgress:
    speakeasy-default-get-course-progress:
      parameters:
        path:
          courseId: "<id>"
          studentId: "<id>"
      responses:
        "200":
          application/json: {"lineItems": [{"type": "resource", "assessmentLineItemSourcedId": "<id>", "courseComponentResourceSourcedId": "<id>", "title": "<value>", "results": [{"status": "tobedeleted", "scoreDate": "2023-01-26T10:18:28.148Z", "scoreStatus": "not submitted"}]}]}
        "400":
          application/json: {"imsx_codeMajor": "failure", "imsx_severity": "error", "imsx_description": "<value>", "imsx_CodeMinor": {"imsx_codeMinorField": []}}
        "401":
          application/json: {"imsx_codeMajor": "failure", "imsx_severity": "error", "imsx_description": "<value>", "imsx_CodeMinor": {"imsx_codeMinorField": [{"imsx_codeMinorFieldName": "TargetEndSystem", "imsx_codeMinorFieldValue": "unauthorisedrequest"}]}}
        "403":
          application/json: {"imsx_codeMajor": "failure", "imsx_severity": "error", "imsx_description": "<value>", "imsx_CodeMinor": {"imsx_codeMinorField": []}}
        "404":
          application/json: {"imsx_codeMajor": "failure", "imsx_severity": "error", "imsx_description": "<value>", "imsx_CodeMinor": {"imsx_codeMinorField": [{"imsx_codeMinorFieldName": "TargetEndSystem", "imsx_codeMinorFieldValue": "unknownobject"}]}}
        "422":
          application/json: {"imsx_codeMajor": "failure", "imsx_severity": "error", "imsx_description": "<value>", "imsx_CodeMinor": {"imsx_codeMinorField": [{"imsx_codeMinorFieldName": "TargetEndSystem", "imsx_codeMinorFieldValue": "invaliddata"}]}}
        "429":
          application/json: {"imsx_codeMajor": "failure", "imsx_severity": "error", "imsx_description": "<value>", "imsx_CodeMinor": {"imsx_codeMinorField": [{"imsx_codeMinorFieldName": "TargetEndSystem", "imsx_codeMinorFieldValue": "server_busy"}]}}
        "500":
          application/json: {"imsx_codeMajor": "failure", "imsx_severity": "error", "imsx_description": "<value>", "imsx_CodeMinor": {"imsx_codeMinorField": [{"imsx_codeMinorFieldName": "TargetEndSystem", "imsx_codeMinorFieldValue": "internal_server_error"}]}}
  updateStudentItemResponse:
    speakeasy-default-update-student-item-response:
      responses:
        "201":
          application/json: {}
        "400":
          application/json: {"imsx_codeMajor": "failure", "imsx_severity": "error", "imsx_description": "<value>", "imsx_CodeMinor": {"imsx_codeMinorField": []}}
        "401":
          application/json: {"imsx_codeMajor": "failure", "imsx_severity": "error", "imsx_description": "<value>", "imsx_CodeMinor": {"imsx_codeMinorField": [{"imsx_codeMinorFieldName": "TargetEndSystem", "imsx_codeMinorFieldValue": "unauthorisedrequest"}]}}
        "403":
          application/json: {"imsx_codeMajor": "failure", "imsx_severity": "error", "imsx_description": "<value>", "imsx_CodeMinor": {"imsx_codeMinorField": []}}
        "404":
          application/json: {"imsx_codeMajor": "failure", "imsx_severity": "error", "imsx_description": "<value>", "imsx_CodeMinor": {"imsx_codeMinorField": [{"imsx_codeMinorFieldName": "TargetEndSystem", "imsx_codeMinorFieldValue": "unknownobject"}]}}
        "422":
          application/json: {"imsx_codeMajor": "failure", "imsx_severity": "error", "imsx_description": "<value>", "imsx_CodeMinor": {"imsx_codeMinorField": [{"imsx_codeMinorFieldName": "TargetEndSystem", "imsx_codeMinorFieldValue": "invaliddata"}]}}
        "429":
          application/json: {"imsx_codeMajor": "failure", "imsx_severity": "error", "imsx_description": "<value>", "imsx_CodeMinor": {"imsx_codeMinorField": [{"imsx_codeMinorFieldName": "TargetEndSystem", "imsx_codeMinorFieldValue": "server_busy"}]}}
        "500":
          application/json: {"imsx_codeMajor": "failure", "imsx_severity": "error", "imsx_description": "<value>", "imsx_CodeMinor": {"imsx_codeMinorField": [{"imsx_codeMinorFieldName": "TargetEndSystem", "imsx_codeMinorFieldValue": "internal_server_error"}]}}
  getCourseSyllabus:
    speakeasy-default-get-course-syllabus:
      parameters:
        path:
          courseSourcedId: "<id>"
      responses:
        "200":
          application/json: {}
        "400":
          application/json: {"imsx_codeMajor": "failure", "imsx_severity": "error", "imsx_description": "<value>", "imsx_CodeMinor": {"imsx_codeMinorField": []}}
        "401":
          application/json: {"imsx_codeMajor": "failure", "imsx_severity": "error", "imsx_description": "<value>", "imsx_CodeMinor": {"imsx_codeMinorField": [{"imsx_codeMinorFieldName": "TargetEndSystem", "imsx_codeMinorFieldValue": "unauthorisedrequest"}]}}
        "403":
          application/json: {"imsx_codeMajor": "failure", "imsx_severity": "error", "imsx_description": "<value>", "imsx_CodeMinor": {"imsx_codeMinorField": []}}
        "404":
          application/json: {"imsx_codeMajor": "failure", "imsx_severity": "error", "imsx_description": "<value>", "imsx_CodeMinor": {"imsx_codeMinorField": []}}
        "422":
          application/json: {"imsx_codeMajor": "failure", "imsx_severity": "error", "imsx_description": "<value>", "imsx_CodeMinor": {"imsx_codeMinorField": []}}
        "429":
          application/json: {"imsx_codeMajor": "failure", "imsx_severity": "error", "imsx_description": "<value>", "imsx_CodeMinor": {"imsx_codeMinorField": []}}
        "500":
          application/json: {"imsx_codeMajor": "failure", "imsx_severity": "error", "imsx_description": "<value>", "imsx_CodeMinor": {"imsx_codeMinorField": [{"imsx_codeMinorFieldName": "TargetEndSystem", "imsx_codeMinorFieldValue": "internal_server_error"}]}}
  createNewAttempt:
    speakeasy-default-create-new-attempt:
      responses:
        "200":
          application/json: {"attempt": 574.76, "score": 6694.14, "scoreStatus": "exempt", "startedAt": "2025-12-09T08:59:12.222Z", "completedAt": "2023-08-02T13:08:02.067Z"}
        "400":
          application/json: {"imsx_codeMajor": "failure", "imsx_severity": "error", "imsx_description": "<value>", "imsx_CodeMinor": {"imsx_codeMinorField": []}}
        "401":
          application/json: {"imsx_codeMajor": "failure", "imsx_severity": "error", "imsx_description": "<value>", "imsx_CodeMinor": {"imsx_codeMinorField": []}}
        "403":
          application/json: {"imsx_codeMajor": "failure", "imsx_severity": "error", "imsx_description": "<value>", "imsx_CodeMinor": {"imsx_codeMinorField": []}}
        "404":
          application/json: {"imsx_codeMajor": "failure", "imsx_severity": "error", "imsx_description": "<value>", "imsx_CodeMinor": {"imsx_codeMinorField": []}}
        "422":
          application/json: {"imsx_codeMajor": "failure", "imsx_severity": "error", "imsx_description": "<value>", "imsx_CodeMinor": {"imsx_codeMinorField": [{"imsx_codeMinorFieldName": "TargetEndSystem", "imsx_codeMinorFieldValue": "invaliddata"}]}}
        "429":
          application/json: {"imsx_codeMajor": "failure", "imsx_severity": "error", "imsx_description": "<value>", "imsx_CodeMinor": {"imsx_codeMinorField": [{"imsx_codeMinorFieldName": "TargetEndSystem", "imsx_codeMinorFieldValue": "server_busy"}]}}
        "500":
          application/json: {"imsx_codeMajor": "failure", "imsx_severity": "error", "imsx_description": "<value>", "imsx_CodeMinor": {"imsx_codeMinorField": []}}
  finalStudentAssessmentResponse:
    speakeasy-default-final-student-assessment-response:
      responses:
        "200":
          application/json: {"lessonType": "quiz", "finalized": true, "questions": [{"id": "<id>", "index": 5252.86, "title": "<value>", "url": "https://devoted-gym.info/", "difficulty": "medium"}], "score": 9260.11, "accuracy": 6018.84, "correctQuestions": 1933.97, "totalQuestions": 154.28, "xp": 5881.18, "multiplier": 9670.55}
        "400":
          application/json: {"imsx_codeMajor": "failure", "imsx_severity": "error", "imsx_description": "<value>", "imsx_CodeMinor": {"imsx_codeMinorField": [{"imsx_codeMinorFieldName": "TargetEndSystem", "imsx_codeMinorFieldValue": "invaliddata"}]}}
        "401":
          application/json: {"imsx_codeMajor": "failure", "imsx_severity": "error", "imsx_description": "<value>", "imsx_CodeMinor": {"imsx_codeMinorField": [{"imsx_codeMinorFieldName": "TargetEndSystem", "imsx_codeMinorFieldValue": "unauthorisedrequest"}]}}
        "403":
          application/json: {"imsx_codeMajor": "failure", "imsx_severity": "error", "imsx_description": "<value>", "imsx_CodeMinor": {"imsx_codeMinorField": [{"imsx_codeMinorFieldName": "TargetEndSystem", "imsx_codeMinorFieldValue": "forbidden"}]}}
        "404":
          application/json: {"imsx_codeMajor": "failure", "imsx_severity": "error", "imsx_description": "<value>", "imsx_CodeMinor": {"imsx_codeMinorField": []}}
        "422":
          application/json: {"imsx_codeMajor": "failure", "imsx_severity": "error", "imsx_description": "<value>", "imsx_CodeMinor": {"imsx_codeMinorField": []}}
        "429":
          application/json: {"imsx_codeMajor": "failure", "imsx_severity": "error", "imsx_description": "<value>", "imsx_CodeMinor": {"imsx_codeMinorField": [{"imsx_codeMinorFieldName": "TargetEndSystem", "imsx_codeMinorFieldValue": "server_busy"}]}}
        "500":
          application/json: {"imsx_codeMajor": "failure", "imsx_severity": "error", "imsx_description": "<value>", "imsx_CodeMinor": {"imsx_codeMinorField": [{"imsx_codeMinorFieldName": "TargetEndSystem", "imsx_codeMinorFieldValue": "internal_server_error"}]}}
  getAssessmentProgress:
    speakeasy-default-get-assessment-progress:
      parameters:
        query:
          student: "<value>"
          lesson: "<value>"
      responses:
        "200":
          application/json: {"lessonType": "quiz", "finalized": true, "questions": [{"id": "<id>", "index": 7741.67, "title": "<value>", "url": "https://overcooked-knitting.info/", "difficulty": "medium"}], "xp": 1076.13, "multiplier": 3077.59, "accuracy": 8542.9, "correctQuestions": 5933.98, "totalQuestions": 8944.87}
        "400":
          application/json: {"imsx_codeMajor": "failure", "imsx_severity": "error", "imsx_description": "<value>", "imsx_CodeMinor": {"imsx_codeMinorField": [{"imsx_codeMinorFieldName": "TargetEndSystem", "imsx_codeMinorFieldValue": "invaliddata"}]}}
        "401":
          application/json: {"imsx_codeMajor": "failure", "imsx_severity": "error", "imsx_description": "<value>", "imsx_CodeMinor": {"imsx_codeMinorField": [{"imsx_codeMinorFieldName": "TargetEndSystem", "imsx_codeMinorFieldValue": "unauthorisedrequest"}]}}
        "403":
          application/json: {"imsx_codeMajor": "failure", "imsx_severity": "error", "imsx_description": "<value>", "imsx_CodeMinor": {"imsx_codeMinorField": []}}
        "404":
          application/json: {"imsx_codeMajor": "failure", "imsx_severity": "error", "imsx_description": "<value>", "imsx_CodeMinor": {"imsx_codeMinorField": []}}
        "422":
          application/json: {"imsx_codeMajor": "failure", "imsx_severity": "error", "imsx_description": "<value>", "imsx_CodeMinor": {"imsx_codeMinorField": []}}
        "429":
          application/json: {"imsx_codeMajor": "failure", "imsx_severity": "error", "imsx_description": "<value>", "imsx_CodeMinor": {"imsx_codeMinorField": []}}
        "500":
          application/json: {"imsx_codeMajor": "failure", "imsx_severity": "error", "imsx_description": "<value>", "imsx_CodeMinor": {"imsx_codeMinorField": [{"imsx_codeMinorFieldName": "TargetEndSystem", "imsx_codeMinorFieldValue": "internal_server_error"}]}}
  getAttempts:
    speakeasy-default-get-attempts:
      parameters:
        query:
          student: "<value>"
          lesson: "<value>"
      responses:
        "200":
          application/json: {"attempts": []}
        "400":
          application/json: {"imsx_codeMajor": "failure", "imsx_severity": "error", "imsx_description": "<value>", "imsx_CodeMinor": {"imsx_codeMinorField": []}}
        "401":
          application/json: {"imsx_codeMajor": "failure", "imsx_severity": "error", "imsx_description": "<value>", "imsx_CodeMinor": {"imsx_codeMinorField": []}}
        "403":
          application/json: {"imsx_codeMajor": "failure", "imsx_severity": "error", "imsx_description": "<value>", "imsx_CodeMinor": {"imsx_codeMinorField": [{"imsx_codeMinorFieldName": "TargetEndSystem", "imsx_codeMinorFieldValue": "forbidden"}]}}
        "404":
          application/json: {"imsx_codeMajor": "failure", "imsx_severity": "error", "imsx_description": "<value>", "imsx_CodeMinor": {"imsx_codeMinorField": []}}
        "422":
          application/json: {"imsx_codeMajor": "failure", "imsx_severity": "error", "imsx_description": "<value>", "imsx_CodeMinor": {"imsx_codeMinorField": []}}
        "429":
          application/json: {"imsx_codeMajor": "failure", "imsx_severity": "error", "imsx_description": "<value>", "imsx_CodeMinor": {"imsx_codeMinorField": []}}
        "500":
          application/json: {"imsx_codeMajor": "failure", "imsx_severity": "error", "imsx_description": "<value>", "imsx_CodeMinor": {"imsx_codeMinorField": []}}
  getNextQuestion:
    speakeasy-default-get-next-question:
      parameters:
        query:
          student: "<value>"
          lesson: "<value>"
      responses:
        "200":
          application/json: {"score": 4420.77, "question": {"id": "<id>", "index": 8225.09, "title": "<value>", "url": "https://roasted-fun.biz", "difficulty": "medium"}}
        "400":
          application/json: {"imsx_codeMajor": "failure", "imsx_severity": "error", "imsx_description": "<value>", "imsx_CodeMinor": {"imsx_codeMinorField": []}}
        "401":
          application/json: {"imsx_codeMajor": "failure", "imsx_severity": "error", "imsx_description": "<value>", "imsx_CodeMinor": {"imsx_codeMinorField": []}}
        "403":
          application/json: {"imsx_codeMajor": "failure", "imsx_severity": "error", "imsx_description": "<value>", "imsx_CodeMinor": {"imsx_codeMinorField": []}}
        "404":
          application/json: {"imsx_codeMajor": "failure", "imsx_severity": "error", "imsx_description": "<value>", "imsx_CodeMinor": {"imsx_codeMinorField": [{"imsx_codeMinorFieldName": "TargetEndSystem", "imsx_codeMinorFieldValue": "unknownobject"}]}}
        "422":
          application/json: {"imsx_codeMajor": "failure", "imsx_severity": "error", "imsx_description": "<value>", "imsx_CodeMinor": {"imsx_codeMinorField": []}}
        "429":
          application/json: {"imsx_codeMajor": "failure", "imsx_severity": "error", "imsx_description": "<value>", "imsx_CodeMinor": {"imsx_codeMinorField": []}}
        "500":
          application/json: {"imsx_codeMajor": "failure", "imsx_severity": "error", "imsx_description": "<value>", "imsx_CodeMinor": {"imsx_codeMinorField": [{"imsx_codeMinorFieldName": "TargetEndSystem", "imsx_codeMinorFieldValue": "internal_server_error"}]}}
  resetAttempt:
    speakeasy-default-reset-attempt:
      responses:
        "200":
          application/json: {"success": false, "score": 7637.45}
        "400":
          application/json: {"imsx_codeMajor": "failure", "imsx_severity": "error", "imsx_description": "<value>", "imsx_CodeMinor": {"imsx_codeMinorField": []}}
        "401":
          application/json: {"imsx_codeMajor": "failure", "imsx_severity": "error", "imsx_description": "<value>", "imsx_CodeMinor": {"imsx_codeMinorField": [{"imsx_codeMinorFieldName": "TargetEndSystem", "imsx_codeMinorFieldValue": "unauthorisedrequest"}]}}
        "403":
          application/json: {"imsx_codeMajor": "failure", "imsx_severity": "error", "imsx_description": "<value>", "imsx_CodeMinor": {"imsx_codeMinorField": [{"imsx_codeMinorFieldName": "TargetEndSystem", "imsx_codeMinorFieldValue": "forbidden"}]}}
        "404":
          application/json: {"imsx_codeMajor": "failure", "imsx_severity": "error", "imsx_description": "<value>", "imsx_CodeMinor": {"imsx_codeMinorField": [{"imsx_codeMinorFieldName": "TargetEndSystem", "imsx_codeMinorFieldValue": "unknownobject"}]}}
        "422":
          application/json: {"imsx_codeMajor": "failure", "imsx_severity": "error", "imsx_description": "<value>", "imsx_CodeMinor": {"imsx_codeMinorField": [{"imsx_codeMinorFieldName": "TargetEndSystem", "imsx_codeMinorFieldValue": "invaliddata"}]}}
        "429":
          application/json: {"imsx_codeMajor": "failure", "imsx_severity": "error", "imsx_description": "<value>", "imsx_CodeMinor": {"imsx_codeMinorField": [{"imsx_codeMinorFieldName": "TargetEndSystem", "imsx_codeMinorFieldValue": "server_busy"}]}}
        "500":
          application/json: {"imsx_codeMajor": "failure", "imsx_severity": "error", "imsx_description": "<value>", "imsx_CodeMinor": {"imsx_codeMinorField": [{"imsx_codeMinorFieldName": "TargetEndSystem", "imsx_codeMinorFieldValue": "internal_server_error"}]}}
  updateStudentQuestionResponse:
    speakeasy-default-update-student-question-response:
      responses:
        "200":
          application/json: {"lessonType": "quiz"}
        "400":
          application/json: {"imsx_codeMajor": "failure", "imsx_severity": "error", "imsx_description": "<value>", "imsx_CodeMinor": {"imsx_codeMinorField": []}}
        "401":
          application/json: {"imsx_codeMajor": "failure", "imsx_severity": "error", "imsx_description": "<value>", "imsx_CodeMinor": {"imsx_codeMinorField": []}}
        "403":
          application/json: {"imsx_codeMajor": "failure", "imsx_severity": "error", "imsx_description": "<value>", "imsx_CodeMinor": {"imsx_codeMinorField": []}}
        "404":
          application/json: {"imsx_codeMajor": "failure", "imsx_severity": "error", "imsx_description": "<value>", "imsx_CodeMinor": {"imsx_codeMinorField": [{"imsx_codeMinorFieldName": "TargetEndSystem", "imsx_codeMinorFieldValue": "unknownobject"}]}}
        "422":
          application/json: {"imsx_codeMajor": "failure", "imsx_severity": "error", "imsx_description": "<value>", "imsx_CodeMinor": {"imsx_codeMinorField": []}}
        "429":
          application/json: {"imsx_codeMajor": "failure", "imsx_severity": "error", "imsx_description": "<value>", "imsx_CodeMinor": {"imsx_codeMinorField": [{"imsx_codeMinorFieldName": "TargetEndSystem", "imsx_codeMinorFieldValue": "server_busy"}]}}
        "500":
          application/json: {"imsx_codeMajor": "failure", "imsx_severity": "error", "imsx_description": "<value>", "imsx_CodeMinor": {"imsx_codeMinorField": [{"imsx_codeMinorFieldName": "TargetEndSystem", "imsx_codeMinorFieldValue": "internal_server_error"}]}}
examplesVersion: 1.0.2
generatedTests: {}
