speakeasyVersion: 1.541.2
sources:
    PowerPath API:
        sourceNamespace: power-path-api
        sourceRevisionDigest: sha256:8554c82a2a6761eb3339491c3346dbb4f9ec6d56dbcb0a7a402913e1db3b1033
        sourceBlobDigest: sha256:747823a0de059da78abaa617f9b39930f3e96c30984c2aaae55cfc6786b2a740
        tags:
            - latest
            - speakeasy-sdk-regen-1746108759
            - 1.0.0
targets:
    power-path:
        source: PowerPath API
        sourceNamespace: power-path-api
        sourceRevisionDigest: sha256:8554c82a2a6761eb3339491c3346dbb4f9ec6d56dbcb0a7a402913e1db3b1033
        sourceBlobDigest: sha256:747823a0de059da78abaa617f9b39930f3e96c30984c2aaae55cfc6786b2a740
        codeSamplesNamespace: power-path-api-typescript-code-samples
        codeSamplesRevisionDigest: sha256:60202e2100b7149ed513d0c9d1ec0fa65805ae74ff64a89a9e6891606d619702
workflow:
    workflowVersion: 1.0.0
    speakeasyVersion: latest
    sources:
        PowerPath API:
            inputs:
                - location: .speakeasy/openapi-fixes.yaml
            overlays:
                - location: .speakeasy/speakeasy-modifications-overlay.yaml
            registry:
                location: registry.speakeasyapi.dev/emu-farm/timeback/power-path-api
    targets:
        power-path:
            target: typescript
            source: PowerPath API
            publish:
                npm:
                    token: $npm_token
            codeSamples:
                registry:
                    location: registry.speakeasyapi.dev/emu-farm/timeback/power-path-api-typescript-code-samples
                labelOverride:
                    fixedValue: Typescript (SDK)
                blocking: false
